// !$*UTF8*$!
{
	archiveVersion = 1;
	classes = {
	};
	objectVersion = 46;
	objects = {

/* Begin PBXBuildFile section */
		6095CEA91CFC242C00C614C8 /* main.m in Sources */ = {isa = PBXBuildFile; fileRef = 6095CEA81CFC242C00C614C8 /* main.m */; };
		6095CEAC1CFC242C00C614C8 /* AppDelegate.m in Sources */ = {isa = PBXBuildFile; fileRef = 6095CEAB1CFC242C00C614C8 /* AppDelegate.m */; };
		6095CEAF1CFC242C00C614C8 /* ViewController.m in Sources */ = {isa = PBXBuildFile; fileRef = 6095CEAE1CFC242C00C614C8 /* ViewController.m */; };
		6095CEB21CFC242C00C614C8 /* Main.storyboard in Resources */ = {isa = PBXBuildFile; fileRef = 6095CEB01CFC242C00C614C8 /* Main.storyboard */; };
		6095CEB41CFC242C00C614C8 /* Assets.xcassets in Resources */ = {isa = PBXBuildFile; fileRef = 6095CEB31CFC242C00C614C8 /* Assets.xcassets */; };
		6095CEB71CFC242C00C614C8 /* LaunchScreen.storyboard in Resources */ = {isa = PBXBuildFile; fileRef = 6095CEB51CFC242C00C614C8 /* LaunchScreen.storyboard */; };
		6095CEC21CFC242C00C614C8 /* seedTestTests.m in Sources */ = {isa = PBXBuildFile; fileRef = 6095CEC11CFC242C00C614C8 /* seedTestTests.m */; };
		6095CECD1CFC242C00C614C8 /* seedTestUITests.m in Sources */ = {isa = PBXBuildFile; fileRef = 6095CECC1CFC242C00C614C8 /* seedTestUITests.m */; };
/* End PBXBuildFile section */

/* Begin PBXContainerItemProxy section */
		6095CEBE1CFC242C00C614C8 /* PBXContainerItemProxy */ = {
			isa = PBXContainerItemProxy;
			containerPortal = 6095CE9C1CFC242C00C614C8 /* Project object */;
			proxyType = 1;
			remoteGlobalIDString = 6095CEA31CFC242C00C614C8;
			remoteInfo = seedTest;
		};
		6095CEC91CFC242C00C614C8 /* PBXContainerItemProxy */ = {
			isa = PBXContainerItemProxy;
			containerPortal = 6095CE9C1CFC242C00C614C8 /* Project object */;
			proxyType = 1;
			remoteGlobalIDString = 6095CEA31CFC242C00C614C8;
			remoteInfo = seedTest;
		};
/* End PBXContainerItemProxy section */

/* Begin PBXFileReference section */
		6095CEA41CFC242C00C614C8 /* seedTest.app */ = {isa = PBXFileReference; explicitFileType = wrapper.application; includeInIndex = 0; path = seedTest.app; sourceTree = BUILT_PRODUCTS_DIR; };
		6095CEA81CFC242C00C614C8 /* main.m */ = {isa = PBXFileReference; lastKnownFileType = sourcecode.c.objc; path = main.m; sourceTree = "<group>"; };
		6095CEAA1CFC242C00C614C8 /* AppDelegate.h */ = {isa = PBXFileReference; lastKnownFileType = sourcecode.c.h; path = AppDelegate.h; sourceTree = "<group>"; };
		6095CEAB1CFC242C00C614C8 /* AppDelegate.m */ = {isa = PBXFileReference; lastKnownFileType = sourcecode.c.objc; path = AppDelegate.m; sourceTree = "<group>"; };
		6095CEAD1CFC242C00C614C8 /* ViewController.h */ = {isa = PBXFileReference; lastKnownFileType = sourcecode.c.h; path = ViewController.h; sourceTree = "<group>"; };
		6095CEAE1CFC242C00C614C8 /* ViewController.m */ = {isa = PBXFileReference; lastKnownFileType = sourcecode.c.objc; path = ViewController.m; sourceTree = "<group>"; };
		6095CEB11CFC242C00C614C8 /* Base */ = {isa = PBXFileReference; lastKnownFileType = file.storyboard; name = Base; path = Base.lproj/Main.storyboard; sourceTree = "<group>"; };
		6095CEB31CFC242C00C614C8 /* Assets.xcassets */ = {isa = PBXFileReference; lastKnownFileType = folder.assetcatalog; path = Assets.xcassets; sourceTree = "<group>"; };
		6095CEB61CFC242C00C614C8 /* Base */ = {isa = PBXFileReference; lastKnownFileType = file.storyboard; name = Base; path = Base.lproj/LaunchScreen.storyboard; sourceTree = "<group>"; };
		6095CEB81CFC242C00C614C8 /* Info.plist */ = {isa = PBXFileReference; lastKnownFileType = text.plist.xml; path = Info.plist; sourceTree = "<group>"; };
		6095CEBD1CFC242C00C614C8 /* seedTestTests.xctest */ = {isa = PBXFileReference; explicitFileType = wrapper.cfbundle; includeInIndex = 0; path = seedTestTests.xctest; sourceTree = BUILT_PRODUCTS_DIR; };
		6095CEC11CFC242C00C614C8 /* seedTestTests.m */ = {isa = PBXFileReference; lastKnownFileType = sourcecode.c.objc; path = seedTestTests.m; sourceTree = "<group>"; };
		6095CEC31CFC242C00C614C8 /* Info.plist */ = {isa = PBXFileReference; lastKnownFileType = text.plist.xml; path = Info.plist; sourceTree = "<group>"; };
		6095CEC81CFC242C00C614C8 /* seedTestUITests.xctest */ = {isa = PBXFileReference; explicitFileType = wrapper.cfbundle; includeInIndex = 0; path = seedTestUITests.xctest; sourceTree = BUILT_PRODUCTS_DIR; };
		6095CECC1CFC242C00C614C8 /* seedTestUITests.m */ = {isa = PBXFileReference; lastKnownFileType = sourcecode.c.objc; path = seedTestUITests.m; sourceTree = "<group>"; };
		6095CECE1CFC242C00C614C8 /* Info.plist */ = {isa = PBXFileReference; lastKnownFileType = text.plist.xml; path = Info.plist; sourceTree = "<group>"; };
/* End PBXFileReference section */

/* Begin PBXFrameworksBuildPhase section */
		6095CEA11CFC242C00C614C8 /* Frameworks */ = {
			isa = PBXFrameworksBuildPhase;
			buildActionMask = 2147483647;
			files = (
			);
			runOnlyForDeploymentPostprocessing = 0;
		};
		6095CEBA1CFC242C00C614C8 /* Frameworks */ = {
			isa = PBXFrameworksBuildPhase;
			buildActionMask = 2147483647;
			files = (
			);
			runOnlyForDeploymentPostprocessing = 0;
		};
		6095CEC51CFC242C00C614C8 /* Frameworks */ = {
			isa = PBXFrameworksBuildPhase;
			buildActionMask = 2147483647;
			files = (
			);
			runOnlyForDeploymentPostprocessing = 0;
		};
/* End PBXFrameworksBuildPhase section */

/* Begin PBXGroup section */
		6095CE9B1CFC242C00C614C8 = {
			isa = PBXGroup;
			children = (
				6095CEA61CFC242C00C614C8 /* seedTest */,
				6095CEC01CFC242C00C614C8 /* seedTestTests */,
				6095CECB1CFC242C00C614C8 /* seedTestUITests */,
				6095CEA51CFC242C00C614C8 /* Products */,
			);
			sourceTree = "<group>";
		};
		6095CEA51CFC242C00C614C8 /* Products */ = {
			isa = PBXGroup;
			children = (
				6095CEA41CFC242C00C614C8 /* seedTest.app */,
				6095CEBD1CFC242C00C614C8 /* seedTestTests.xctest */,
				6095CEC81CFC242C00C614C8 /* seedTestUITests.xctest */,
			);
			name = Products;
			sourceTree = "<group>";
		};
		6095CEA61CFC242C00C614C8 /* seedTest */ = {
			isa = PBXGroup;
			children = (
				6095CEAA1CFC242C00C614C8 /* AppDelegate.h */,
				6095CEAB1CFC242C00C614C8 /* AppDelegate.m */,
				6095CEAD1CFC242C00C614C8 /* ViewController.h */,
				6095CEAE1CFC242C00C614C8 /* ViewController.m */,
				6095CEB01CFC242C00C614C8 /* Main.storyboard */,
				6095CEB31CFC242C00C614C8 /* Assets.xcassets */,
				6095CEB51CFC242C00C614C8 /* LaunchScreen.storyboard */,
				6095CEB81CFC242C00C614C8 /* Info.plist */,
				6095CEA71CFC242C00C614C8 /* Supporting Files */,
			);
			path = seedTest;
			sourceTree = "<group>";
		};
		6095CEA71CFC242C00C614C8 /* Supporting Files */ = {
			isa = PBXGroup;
			children = (
				6095CEA81CFC242C00C614C8 /* main.m */,
			);
			name = "Supporting Files";
			sourceTree = "<group>";
		};
		6095CEC01CFC242C00C614C8 /* seedTestTests */ = {
			isa = PBXGroup;
			children = (
				6095CEC11CFC242C00C614C8 /* seedTestTests.m */,
				6095CEC31CFC242C00C614C8 /* Info.plist */,
			);
			path = seedTestTests;
			sourceTree = "<group>";
		};
		6095CECB1CFC242C00C614C8 /* seedTestUITests */ = {
			isa = PBXGroup;
			children = (
				6095CECC1CFC242C00C614C8 /* seedTestUITests.m */,
				6095CECE1CFC242C00C614C8 /* Info.plist */,
			);
			path = seedTestUITests;
			sourceTree = "<group>";
		};
/* End PBXGroup section */

/* Begin PBXNativeTarget section */
		6095CEA31CFC242C00C614C8 /* seedTest */ = {
			isa = PBXNativeTarget;
			buildConfigurationList = 6095CED11CFC242C00C614C8 /* Build configuration list for PBXNativeTarget "seedTest" */;
			buildPhases = (
				6095CEA01CFC242C00C614C8 /* Sources */,
				6095CEA11CFC242C00C614C8 /* Frameworks */,
				6095CEA21CFC242C00C614C8 /* Resources */,
			);
			buildRules = (
			);
			dependencies = (
			);
			name = seedTest;
			productName = seedTest;
			productReference = 6095CEA41CFC242C00C614C8 /* seedTest.app */;
			productType = "com.apple.product-type.application";
		};
		6095CEBC1CFC242C00C614C8 /* seedTestTests */ = {
			isa = PBXNativeTarget;
			buildConfigurationList = 6095CED41CFC242C00C614C8 /* Build configuration list for PBXNativeTarget "seedTestTests" */;
			buildPhases = (
				6095CEB91CFC242C00C614C8 /* Sources */,
				6095CEBA1CFC242C00C614C8 /* Frameworks */,
				6095CEBB1CFC242C00C614C8 /* Resources */,
			);
			buildRules = (
			);
			dependencies = (
				6095CEBF1CFC242C00C614C8 /* PBXTargetDependency */,
			);
			name = seedTestTests;
			productName = seedTestTests;
			productReference = 6095CEBD1CFC242C00C614C8 /* seedTestTests.xctest */;
			productType = "com.apple.product-type.bundle.unit-test";
		};
		6095CEC71CFC242C00C614C8 /* seedTestUITests */ = {
			isa = PBXNativeTarget;
			buildConfigurationList = 6095CED71CFC242C00C614C8 /* Build configuration list for PBXNativeTarget "seedTestUITests" */;
			buildPhases = (
				6095CEC41CFC242C00C614C8 /* Sources */,
				6095CEC51CFC242C00C614C8 /* Frameworks */,
				6095CEC61CFC242C00C614C8 /* Resources */,
			);
			buildRules = (
			);
			dependencies = (
				6095CECA1CFC242C00C614C8 /* PBXTargetDependency */,
			);
			name = seedTestUITests;
			productName = seedTestUITests;
			productReference = 6095CEC81CFC242C00C614C8 /* seedTestUITests.xctest */;
			productType = "com.apple.product-type.bundle.ui-testing";
		};
/* End PBXNativeTarget section */

/* Begin PBXProject section */
		6095CE9C1CFC242C00C614C8 /* Project object */ = {
			isa = PBXProject;
			attributes = {
				LastUpgradeCheck = 0730;
				ORGANIZATIONNAME = hansen;
				TargetAttributes = {
					6095CEA31CFC242C00C614C8 = {
						CreatedOnToolsVersion = 7.3;
					};
					6095CEBC1CFC242C00C614C8 = {
						CreatedOnToolsVersion = 7.3;
						TestTargetID = 6095CEA31CFC242C00C614C8;
					};
					6095CEC71CFC242C00C614C8 = {
						CreatedOnToolsVersion = 7.3;
						TestTargetID = 6095CEA31CFC242C00C614C8;
					};
				};
			};
			buildConfigurationList = 6095CE9F1CFC242C00C614C8 /* Build configuration list for PBXProject "seedTest" */;
			compatibilityVersion = "Xcode 3.2";
			developmentRegion = English;
			hasScannedForEncodings = 0;
			knownRegions = (
				en,
				Base,
			);
			mainGroup = 6095CE9B1CFC242C00C614C8;
			productRefGroup = 6095CEA51CFC242C00C614C8 /* Products */;
			projectDirPath = "";
			projectRoot = "";
			targets = (
				6095CEA31CFC242C00C614C8 /* seedTest */,
				6095CEBC1CFC242C00C614C8 /* seedTestTests */,
				6095CEC71CFC242C00C614C8 /* seedTestUITests */,
			);
		};
/* End PBXProject section */

/* Begin PBXResourcesBuildPhase section */
		6095CEA21CFC242C00C614C8 /* Resources */ = {
			isa = PBXResourcesBuildPhase;
			buildActionMask = 2147483647;
			files = (
				6095CEB71CFC242C00C614C8 /* LaunchScreen.storyboard in Resources */,
				6095CEB41CFC242C00C614C8 /* Assets.xcassets in Resources */,
				6095CEB21CFC242C00C614C8 /* Main.storyboard in Resources */,
			);
			runOnlyForDeploymentPostprocessing = 0;
		};
		6095CEBB1CFC242C00C614C8 /* Resources */ = {
			isa = PBXResourcesBuildPhase;
			buildActionMask = 2147483647;
			files = (
			);
			runOnlyForDeploymentPostprocessing = 0;
		};
		6095CEC61CFC242C00C614C8 /* Resources */ = {
			isa = PBXResourcesBuildPhase;
			buildActionMask = 2147483647;
			files = (
			);
			runOnlyForDeploymentPostprocessing = 0;
		};
/* End PBXResourcesBuildPhase section */

/* Begin PBXSourcesBuildPhase section */
		6095CEA01CFC242C00C614C8 /* Sources */ = {
			isa = PBXSourcesBuildPhase;
			buildActionMask = 2147483647;
			files = (
				6095CEAF1CFC242C00C614C8 /* ViewController.m in Sources */,
				6095CEAC1CFC242C00C614C8 /* AppDelegate.m in Sources */,
				6095CEA91CFC242C00C614C8 /* main.m in Sources */,
			);
			runOnlyForDeploymentPostprocessing = 0;
		};
		6095CEB91CFC242C00C614C8 /* Sources */ = {
			isa = PBXSourcesBuildPhase;
			buildActionMask = 2147483647;
			files = (
				6095CEC21CFC242C00C614C8 /* seedTestTests.m in Sources */,
			);
			runOnlyForDeploymentPostprocessing = 0;
		};
		6095CEC41CFC242C00C614C8 /* Sources */ = {
			isa = PBXSourcesBuildPhase;
			buildActionMask = 2147483647;
			files = (
				6095CECD1CFC242C00C614C8 /* seedTestUITests.m in Sources */,
			);
			runOnlyForDeploymentPostprocessing = 0;
		};
/* End PBXSourcesBuildPhase section */

/* Begin PBXTargetDependency section */
		6095CEBF1CFC242C00C614C8 /* PBXTargetDependency */ = {
			isa = PBXTargetDependency;
			target = 6095CEA31CFC242C00C614C8 /* seedTest */;
			targetProxy = 6095CEBE1CFC242C00C614C8 /* PBXContainerItemProxy */;
		};
		6095CECA1CFC242C00C614C8 /* PBXTargetDependency */ = {
			isa = PBXTargetDependency;
			target = 6095CEA31CFC242C00C614C8 /* seedTest */;
			targetProxy = 6095CEC91CFC242C00C614C8 /* PBXContainerItemProxy */;
		};
/* End PBXTargetDependency section */

/* Begin PBXVariantGroup section */
		6095CEB01CFC242C00C614C8 /* Main.storyboard */ = {
			isa = PBXVariantGroup;
			children = (
				6095CEB11CFC242C00C614C8 /* Base */,
			);
			name = Main.storyboard;
			sourceTree = "<group>";
		};
		6095CEB51CFC242C00C614C8 /* LaunchScreen.storyboard */ = {
			isa = PBXVariantGroup;
			children = (
				6095CEB61CFC242C00C614C8 /* Base */,
			);
			name = LaunchScreen.storyboard;
			sourceTree = "<group>";
		};
/* End PBXVariantGroup section */

/* Begin XCBuildConfiguration section */
		6095CECF1CFC242C00C614C8 /* Debug */ = {
			isa = XCBuildConfiguration;
			buildSettings = {
				ALWAYS_SEARCH_USER_PATHS = NO;
				CLANG_ANALYZER_NONNULL = YES;
				CLANG_CXX_LANGUAGE_STANDARD = "gnu++0x";
				CLANG_CXX_LIBRARY = "libc++";
				CLANG_ENABLE_MODULES = YES;
				CLANG_ENABLE_OBJC_ARC = YES;
				CLANG_WARN_BOOL_CONVERSION = YES;
				CLANG_WARN_CONSTANT_CONVERSION = YES;
				CLANG_WARN_DIRECT_OBJC_ISA_USAGE = YES_ERROR;
				CLANG_WARN_EMPTY_BODY = YES;
				CLANG_WARN_ENUM_CONVERSION = YES;
				CLANG_WARN_INT_CONVERSION = YES;
				CLANG_WARN_OBJC_ROOT_CLASS = YES_ERROR;
				CLANG_WARN_UNREACHABLE_CODE = YES;
				CLANG_WARN__DUPLICATE_METHOD_MATCH = YES;
				"CODE_SIGN_IDENTITY[sdk=iphoneos*]" = "iPhone Developer";
				COPY_PHASE_STRIP = NO;
				DEBUG_INFORMATION_FORMAT = dwarf;
				ENABLE_STRICT_OBJC_MSGSEND = YES;
				ENABLE_TESTABILITY = YES;
				GCC_C_LANGUAGE_STANDARD = gnu99;
				GCC_DYNAMIC_NO_PIC = NO;
				GCC_NO_COMMON_BLOCKS = YES;
				GCC_OPTIMIZATION_LEVEL = 0;
				GCC_PREPROCESSOR_DEFINITIONS = (
					"DEBUG=1",
					"$(inherited)",
				);
				GCC_WARN_64_TO_32_BIT_CONVERSION = YES;
				GCC_WARN_ABOUT_RETURN_TYPE = YES_ERROR;
				GCC_WARN_UNDECLARED_SELECTOR = YES;
				GCC_WARN_UNINITIALIZED_AUTOS = YES_AGGRESSIVE;
				GCC_WARN_UNUSED_FUNCTION = YES;
				GCC_WARN_UNUSED_VARIABLE = YES;
				IPHONEOS_DEPLOYMENT_TARGET = 9.3;
				MTL_ENABLE_DEBUG_INFO = YES;
				ONLY_ACTIVE_ARCH = YES;
				SDKROOT = iphoneos;
			};
			name = Debug;
		};
		6095CED01CFC242C00C614C8 /* Release */ = {
			isa = XCBuildConfiguration;
			buildSettings = {
				ALWAYS_SEARCH_USER_PATHS = NO;
				CLANG_ANALYZER_NONNULL = YES;
				CLANG_CXX_LANGUAGE_STANDARD = "gnu++0x";
				CLANG_CXX_LIBRARY = "libc++";
				CLANG_ENABLE_MODULES = YES;
				CLANG_ENABLE_OBJC_ARC = YES;
				CLANG_WARN_BOOL_CONVERSION = YES;
				CLANG_WARN_CONSTANT_CONVERSION = YES;
				CLANG_WARN_DIRECT_OBJC_ISA_USAGE = YES_ERROR;
				CLANG_WARN_EMPTY_BODY = YES;
				CLANG_WARN_ENUM_CONVERSION = YES;
				CLANG_WARN_INT_CONVERSION = YES;
				CLANG_WARN_OBJC_ROOT_CLASS = YES_ERROR;
				CLANG_WARN_UNREACHABLE_CODE = YES;
				CLANG_WARN__DUPLICATE_METHOD_MATCH = YES;
				"CODE_SIGN_IDENTITY[sdk=iphoneos*]" = "iPhone Developer";
				COPY_PHASE_STRIP = NO;
				DEBUG_INFORMATION_FORMAT = "dwarf-with-dsym";
				ENABLE_NS_ASSERTIONS = NO;
				ENABLE_STRICT_OBJC_MSGSEND = YES;
				GCC_C_LANGUAGE_STANDARD = gnu99;
				GCC_NO_COMMON_BLOCKS = YES;
				GCC_WARN_64_TO_32_BIT_CONVERSION = YES;
				GCC_WARN_ABOUT_RETURN_TYPE = YES_ERROR;
				GCC_WARN_UNDECLARED_SELECTOR = YES;
				GCC_WARN_UNINITIALIZED_AUTOS = YES_AGGRESSIVE;
				GCC_WARN_UNUSED_FUNCTION = YES;
				GCC_WARN_UNUSED_VARIABLE = YES;
				IPHONEOS_DEPLOYMENT_TARGET = 9.3;
				MTL_ENABLE_DEBUG_INFO = NO;
				SDKROOT = iphoneos;
				VALIDATE_PRODUCT = YES;
			};
			name = Release;
		};
		6095CED21CFC242C00C614C8 /* Debug */ = {
			isa = XCBuildConfiguration;
			buildSettings = {
				ASSETCATALOG_COMPILER_APPICON_NAME = AppIcon;
				INFOPLIST_FILE = seedTest/Info.plist;
				LD_RUNPATH_SEARCH_PATHS = "$(inherited) @executable_path/Frameworks";
				PRODUCT_BUNDLE_IDENTIFIER = "--.seedTest";
				PRODUCT_NAME = "$(TARGET_NAME)";
			};
			name = Debug;
		};
		6095CED31CFC242C00C614C8 /* Release */ = {
			isa = XCBuildConfiguration;
			buildSettings = {
				ASSETCATALOG_COMPILER_APPICON_NAME = AppIcon;
				INFOPLIST_FILE = seedTest/Info.plist;
				LD_RUNPATH_SEARCH_PATHS = "$(inherited) @executable_path/Frameworks";
				PRODUCT_BUNDLE_IDENTIFIER = "--.seedTest";
				PRODUCT_NAME = "$(TARGET_NAME)";
			};
			name = Release;
		};
		6095CED51CFC242C00C614C8 /* Debug */ = {
			isa = XCBuildConfiguration;
			buildSettings = {
				BUNDLE_LOADER = "$(TEST_HOST)";
				INFOPLIST_FILE = seedTestTests/Info.plist;
				LD_RUNPATH_SEARCH_PATHS = "$(inherited) @executable_path/Frameworks @loader_path/Frameworks";
				PRODUCT_BUNDLE_IDENTIFIER = "--.seedTestTests";
				PRODUCT_NAME = "$(TARGET_NAME)";
				TEST_HOST = "$(BUILT_PRODUCTS_DIR)/seedTest.app/seedTest";
			};
			name = Debug;
		};
		6095CED61CFC242C00C614C8 /* Release */ = {
			isa = XCBuildConfiguration;
			buildSettings = {
				BUNDLE_LOADER = "$(TEST_HOST)";
				INFOPLIST_FILE = seedTestTests/Info.plist;
				LD_RUNPATH_SEARCH_PATHS = "$(inherited) @executable_path/Frameworks @loader_path/Frameworks";
				PRODUCT_BUNDLE_IDENTIFIER = "--.seedTestTests";
				PRODUCT_NAME = "$(TARGET_NAME)";
				TEST_HOST = "$(BUILT_PRODUCTS_DIR)/seedTest.app/seedTest";
			};
			name = Release;
		};
		6095CED81CFC242C00C614C8 /* Debug */ = {
			isa = XCBuildConfiguration;
			buildSettings = {
				INFOPLIST_FILE = seedTestUITests/Info.plist;
				LD_RUNPATH_SEARCH_PATHS = "$(inherited) @executable_path/Frameworks @loader_path/Frameworks";
				PRODUCT_BUNDLE_IDENTIFIER = "--.seedTestUITests";
				PRODUCT_NAME = "$(TARGET_NAME)";
				TEST_TARGET_NAME = seedTest;
			};
			name = Debug;
		};
		6095CED91CFC242C00C614C8 /* Release */ = {
			isa = XCBuildConfiguration;
			buildSettings = {
				INFOPLIST_FILE = seedTestUITests/Info.plist;
				LD_RUNPATH_SEARCH_PATHS = "$(inherited) @executable_path/Frameworks @loader_path/Frameworks";
				PRODUCT_BUNDLE_IDENTIFIER = "--.seedTestUITests";
				PRODUCT_NAME = "$(TARGET_NAME)";
				TEST_TARGET_NAME = seedTest;
			};
			name = Release;
		};
/* End XCBuildConfiguration section */

/* Begin XCConfigurationList section */
		6095CE9F1CFC242C00C614C8 /* Build configuration list for PBXProject "seedTest" */ = {
			isa = XCConfigurationList;
			buildConfigurations = (
				6095CECF1CFC242C00C614C8 /* Debug */,
				6095CED01CFC242C00C614C8 /* Release */,
			);
			defaultConfigurationIsVisible = 0;
			defaultConfigurationName = Release;
		};
		6095CED11CFC242C00C614C8 /* Build configuration list for PBXNativeTarget "seedTest" */ = {
			isa = XCConfigurationList;
			buildConfigurations = (
				6095CED21CFC242C00C614C8 /* Debug */,
				6095CED31CFC242C00C614C8 /* Release */,
			);
			defaultConfigurationIsVisible = 0;
		};
		6095CED41CFC242C00C614C8 /* Build configuration list for PBXNativeTarget "seedTestTests" */ = {
			isa = XCConfigurationList;
			buildConfigurations = (
				6095CED51CFC242C00C614C8 /* Debug */,
				6095CED61CFC242C00C614C8 /* Release */,
			);
			defaultConfigurationIsVisible = 0;
		};
		6095CED71CFC242C00C614C8 /* Build configuration list for PBXNativeTarget "seedTestUITests" */ = {
			isa = XCConfigurationList;
			buildConfigurations = (
				6095CED81CFC242C00C614C8 /* Debug */,
				6095CED91CFC242C00C614C8 /* Release */,
			);
			defaultConfigurationIsVisible = 0;
		};
/* End XCConfigurationList section */
	};
	rootObject = 6095CE9C1CFC242C00C614C8 /* Project object */;
}
